
Microsoft Visual Studio Solution File, Format Version 12.00
Project("{FAE04EC0-301F-11D3-BF4B-00C04F79EFBC}") = "Patterns.Core", "Patterns.Core\Patterns.Core.csproj", "{E00D0912-8357-439F-A5F3-13AD93CF14A4}"
EndProject
Project("{FAE04EC0-301F-11D3-BF4B-00C04F79EFBC}") = "Patterns.Test", "Patterns.Test\Patterns.Test.csproj", "{2540960D-4654-488F-A310-DA4B99A88892}"
EndProject
Global
	GlobalSection(SolutionConfigurationPlatforms) = preSolution
		Debug|Any CPU = Debug|Any CPU
		Release|Any CPU = Release|Any CPU
	EndGlobalSection
	GlobalSection(ProjectConfigurationPlatforms) = postSolution
		{E00D0912-8357-439F-A5F3-13AD93CF14A4}.Debug|Any CPU.ActiveCfg = Debug|Any CPU
		{E00D0912-8357-439F-A5F3-13AD93CF14A4}.Debug|Any CPU.Build.0 = Debug|Any CPU
		{E00D0912-8357-439F-A5F3-13AD93CF14A4}.Release|Any CPU.ActiveCfg = Release|Any CPU
		{E00D0912-8357-439F-A5F3-13AD93CF14A4}.Release|Any CPU.Build.0 = Release|Any CPU
		{2540960D-4654-488F-A310-DA4B99A88892}.Debug|Any CPU.ActiveCfg = Debug|Any CPU
		{2540960D-4654-488F-A310-DA4B99A88892}.Debug|Any CPU.Build.0 = Debug|Any CPU
		{2540960D-4654-488F-A310-DA4B99A88892}.Release|Any CPU.ActiveCfg = Release|Any CPU
		{2540960D-4654-488F-A310-DA4B99A88892}.Release|Any CPU.Build.0 = Release|Any CPU
	EndGlobalSection
EndGlobal
